
Microsoft Visual Studio Solution File, Format Version 12.00
# Visual Studio Version 17
VisualStudioVersion = 17.14.36408.4 d17.14
MinimumVisualStudioVersion = 10.0.40219.1
Project("{8BC9CEB8-8B4A-11D0-8D11-00A0C91BC942}") = "Vector Template", "Vector Template\Vector Template.vcxproj", "{1D010FE7-B286-48CF-963A-CE16DFDB4AA5}"
EndProject
Global
	GlobalSection(SolutionConfigurationPlatforms) = preSolution
		Debug|x64 = Debug|x64
		Debug|x86 = Debug|x86
		Release|x64 = Release|x64
		Release|x86 = Release|x86
	EndGlobalSection
	GlobalSection(ProjectConfigurationPlatforms) = postSolution
		{1D010FE7-B286-48CF-963A-CE16DFDB4AA5}.Debug|x64.ActiveCfg = Debug|x64
		{1D010FE7-B286-48CF-963A-CE16DFDB4AA5}.Debug|x64.Build.0 = Debug|x64
		{1D010FE7-B286-48CF-963A-CE16DFDB4AA5}.Debug|x86.ActiveCfg = Debug|Win32
		{1D010FE7-B286-48CF-963A-CE16DFDB4AA5}.Debug|x86.Build.0 = Debug|Win32
		{1D010FE7-B286-48CF-963A-CE16DFDB4AA5}.Release|x64.ActiveCfg = Release|x64
		{1D010FE7-B286-48CF-963A-CE16DFDB4AA5}.Release|x64.Build.0 = Release|x64
		{1D010FE7-B286-48CF-963A-CE16DFDB4AA5}.Release|x86.ActiveCfg = Release|Win32
		{1D010FE7-B286-48CF-963A-CE16DFDB4AA5}.Release|x86.Build.0 = Release|Win32
	EndGlobalSection
	GlobalSection(SolutionProperties) = preSolution
		HideSolutionNode = FALSE
	EndGlobalSection
	GlobalSection(ExtensibilityGlobals) = postSolution
		SolutionGuid = {86207CAB-9CF9-4E22-8984-0CB31E85FF19}
	EndGlobalSection
EndGlobal
